
Microsoft Visual Studio Solution File, Format Version 12.00
# Visual Studio 15
VisualStudioVersion = 15.0.28307.489
MinimumVisualStudioVersion = 10.0.40219.1
Project("{FAE04EC0-301F-11D3-BF4B-00C04F79EFBC}") = "Bookids", "Bookids.csproj", "{0953A5FC-0CE0-4207-9BCE-7B7DC466DEB5}"
EndProject
Global
	GlobalSection(SolutionConfigurationPlatforms) = preSolution
		Debug|Any CPU = Debug|Any CPU
		Release|Any CPU = Release|Any CPU
	EndGlobalSection
	GlobalSection(ProjectConfigurationPlatforms) = postSolution
		{0953A5FC-0CE0-4207-9BCE-7B7DC466DEB5}.Debug|Any CPU.ActiveCfg = Debug|Any CPU
		{0953A5FC-0CE0-4207-9BCE-7B7DC466DEB5}.Debug|Any CPU.Build.0 = Debug|Any CPU
		{0953A5FC-0CE0-4207-9BCE-7B7DC466DEB5}.Release|Any CPU.ActiveCfg = Release|Any CPU
		{0953A5FC-0CE0-4207-9BCE-7B7DC466DEB5}.Release|Any CPU.Build.0 = Release|Any CPU
	EndGlobalSection
	GlobalSection(SolutionProperties) = preSolution
		HideSolutionNode = FALSE
	EndGlobalSection
	GlobalSection(ExtensibilityGlobals) = postSolution
		SolutionGuid = {181295EB-6A7E-4785-AE71-38202E8BF517}
	EndGlobalSection
EndGlobal
